
Microsoft Visual Studio Solution File, Format Version 12.00
# Visual Studio Version 17
VisualStudioVersion = 17.9.34728.123
MinimumVisualStudioVersion = 10.0.40219.1
Project("{FAE04EC0-301F-11D3-BF4B-00C04F79EFBC}") = "HandyClasses", "HandyClasses\HandyClasses.csproj", "{C57D6DD7-0544-4C15-BDB7-ACE4A10B8130}"
EndProject
Global
	GlobalSection(SolutionConfigurationPlatforms) = preSolution
		Debug|Any CPU = Debug|Any CPU
		Release|Any CPU = Release|Any CPU
	EndGlobalSection
	GlobalSection(ProjectConfigurationPlatforms) = postSolution
		{C57D6DD7-0544-4C15-BDB7-ACE4A10B8130}.Debug|Any CPU.ActiveCfg = Debug|Any CPU
		{C57D6DD7-0544-4C15-BDB7-ACE4A10B8130}.Debug|Any CPU.Build.0 = Debug|Any CPU
		{C57D6DD7-0544-4C15-BDB7-ACE4A10B8130}.Release|Any CPU.ActiveCfg = Release|Any CPU
		{C57D6DD7-0544-4C15-BDB7-ACE4A10B8130}.Release|Any CPU.Build.0 = Release|Any CPU
	EndGlobalSection
	GlobalSection(SolutionProperties) = preSolution
		HideSolutionNode = FALSE
	EndGlobalSection
	GlobalSection(ExtensibilityGlobals) = postSolution
		SolutionGuid = {E3AC1240-7DC7-40FB-AC88-D80EC0C88145}
	EndGlobalSection
EndGlobal
